
Microsoft Visual Studio Solution File, Format Version 12.00
# Visual Studio Version 17
VisualStudioVersion = 17.13.35919.96
MinimumVisualStudioVersion = 10.0.40219.1
Project("{FAE04EC0-301F-11D3-BF4B-00C04F79EFBC}") = "ZenithTasks.UI", "PersonalProjectManager\ZenithTasks.UI.csproj", "{D977742B-C1ED-4AB1-8D27-E96DB9ED0ADE}"
EndProject
Project("{FAE04EC0-301F-11D3-BF4B-00C04F79EFBC}") = "ZenithTasks.DataAccess", "ZenithTasks.DataAccess\ZenithTasks.DataAccess.csproj", "{6D9C9BC6-612E-4139-8D45-1A7ADAAA4155}"
EndProject
Project("{FAE04EC0-301F-11D3-BF4B-00C04F79EFBC}") = "ZenithTasks.Core", "ZenithTasks.Core\ZenithTasks.Core.csproj", "{45D8F797-C260-4D13-837D-39B2A3834913}"
EndProject
Global
	GlobalSection(SolutionConfigurationPlatforms) = preSolution
		Debug|Any CPU = Debug|Any CPU
		Release|Any CPU = Release|Any CPU
	EndGlobalSection
	GlobalSection(ProjectConfigurationPlatforms) = postSolution
		{D977742B-C1ED-4AB1-8D27-E96DB9ED0ADE}.Debug|Any CPU.ActiveCfg = Debug|Any CPU
		{D977742B-C1ED-4AB1-8D27-E96DB9ED0ADE}.Debug|Any CPU.Build.0 = Debug|Any CPU
		{D977742B-C1ED-4AB1-8D27-E96DB9ED0ADE}.Release|Any CPU.ActiveCfg = Release|Any CPU
		{D977742B-C1ED-4AB1-8D27-E96DB9ED0ADE}.Release|Any CPU.Build.0 = Release|Any CPU
		{6D9C9BC6-612E-4139-8D45-1A7ADAAA4155}.Debug|Any CPU.ActiveCfg = Debug|Any CPU
		{6D9C9BC6-612E-4139-8D45-1A7ADAAA4155}.Debug|Any CPU.Build.0 = Debug|Any CPU
		{6D9C9BC6-612E-4139-8D45-1A7ADAAA4155}.Release|Any CPU.ActiveCfg = Release|Any CPU
		{6D9C9BC6-612E-4139-8D45-1A7ADAAA4155}.Release|Any CPU.Build.0 = Release|Any CPU
		{45D8F797-C260-4D13-837D-39B2A3834913}.Debug|Any CPU.ActiveCfg = Debug|Any CPU
		{45D8F797-C260-4D13-837D-39B2A3834913}.Debug|Any CPU.Build.0 = Debug|Any CPU
		{45D8F797-C260-4D13-837D-39B2A3834913}.Release|Any CPU.ActiveCfg = Release|Any CPU
		{45D8F797-C260-4D13-837D-39B2A3834913}.Release|Any CPU.Build.0 = Release|Any CPU
	EndGlobalSection
	GlobalSection(SolutionProperties) = preSolution
		HideSolutionNode = FALSE
	EndGlobalSection
	GlobalSection(ExtensibilityGlobals) = postSolution
		SolutionGuid = {C9A7199B-8722-4578-A854-5EF5F1ED6273}
	EndGlobalSection
EndGlobal
